
Microsoft Visual Studio Solution File, Format Version 12.00
# Visual Studio Version 17
VisualStudioVersion = 17.1.32328.378
MinimumVisualStudioVersion = 10.0.40219.1
Project("{9A19103F-16F7-4668-BE54-9A1E7A4F7556}") = "UnicodeEncodingExample", "UnicodeEncodingExample.csproj", "{2D60DBF4-F80F-4C66-A38A-73505159600B}"
EndProject
Global
	GlobalSection(SolutionConfigurationPlatforms) = preSolution
		Debug|Any CPU = Debug|Any CPU
		Release|Any CPU = Release|Any CPU
	EndGlobalSection
	GlobalSection(ProjectConfigurationPlatforms) = postSolution
		{2D60DBF4-F80F-4C66-A38A-73505159600B}.Debug|Any CPU.ActiveCfg = Debug|Any CPU
		{2D60DBF4-F80F-4C66-A38A-73505159600B}.Debug|Any CPU.Build.0 = Debug|Any CPU
		{2D60DBF4-F80F-4C66-A38A-73505159600B}.Release|Any CPU.ActiveCfg = Release|Any CPU
		{2D60DBF4-F80F-4C66-A38A-73505159600B}.Release|Any CPU.Build.0 = Release|Any CPU
	EndGlobalSection
	GlobalSection(SolutionProperties) = preSolution
		HideSolutionNode = FALSE
	EndGlobalSection
	GlobalSection(ExtensibilityGlobals) = postSolution
		SolutionGuid = {2C23F02E-D97A-4211-A59C-D858651C5E1E}
	EndGlobalSection
EndGlobal
